// !$*UTF8*$!
{
	archiveVersion = 1;
	classes = {
	};
	objectVersion = 50;
	objects = {

/* Begin PBXBuildFile section */
		CEE850EE2075C99800C7D8B6 /* AppDelegate.swift in Sources */ = {isa = PBXBuildFile; fileRef = CEE850ED2075C99800C7D8B6 /* AppDelegate.swift */; };
		CEE850F02075C99800C7D8B6 /* ViewController.swift in Sources */ = {isa = PBXBuildFile; fileRef = CEE850EF2075C99800C7D8B6 /* ViewController.swift */; };
		CEE850F32075C99800C7D8B6 /* Main.storyboard in Resources */ = {isa = PBXBuildFile; fileRef = CEE850F12075C99800C7D8B6 /* Main.storyboard */; };
		CEE850F52075C99900C7D8B6 /* Assets.xcassets in Resources */ = {isa = PBXBuildFile; fileRef = CEE850F42075C99900C7D8B6 /* Assets.xcassets */; };
		CEE850F82075C99900C7D8B6 /* LaunchScreen.storyboard in Resources */ = {isa = PBXBuildFile; fileRef = CEE850F62075C99900C7D8B6 /* LaunchScreen.storyboard */; };
/* End PBXBuildFile section */

/* Begin PBXFileReference section */
		CEE850EA2075C99700C7D8B6 /* Magic 8 Ball.app */ = {isa = PBXFileReference; explicitFileType = wrapper.application; includeInIndex = 0; path = "Magic 8 Ball.app"; sourceTree = BUILT_PRODUCTS_DIR; };
		CEE850ED2075C99800C7D8B6 /* AppDelegate.swift */ = {isa = PBXFileReference; lastKnownFileType = sourcecode.swift; path = AppDelegate.swift; sourceTree = "<group>"; };
		CEE850EF2075C99800C7D8B6 /* ViewController.swift */ = {isa = PBXFileReference; lastKnownFileType = sourcecode.swift; path = ViewController.swift; sourceTree = "<group>"; };
		CEE850F22075C99800C7D8B6 /* Base */ = {isa = PBXFileReference; lastKnownFileType = file.storyboard; name = Base; path = Base.lproj/Main.storyboard; sourceTree = "<group>"; };
		CEE850F42075C99900C7D8B6 /* Assets.xcassets */ = {isa = PBXFileReference; lastKnownFileType = folder.assetcatalog; path = Assets.xcassets; sourceTree = "<group>"; };
		CEE850F72075C99900C7D8B6 /* Base */ = {isa = PBXFileReference; lastKnownFileType = file.storyboard; name = Base; path = Base.lproj/LaunchScreen.storyboard; sourceTree = "<group>"; };
		CEE850F92075C99900C7D8B6 /* Info.plist */ = {isa = PBXFileReference; lastKnownFileType = text.plist.xml; path = Info.plist; sourceTree = "<group>"; };
/* End PBXFileReference section */

/* Begin PBXFrameworksBuildPhase section */
		CEE850E72075C99700C7D8B6 /* Frameworks */ = {
			isa = PBXFrameworksBuildPhase;
			buildActionMask = 2147483647;
			files = (
			);
			runOnlyForDeploymentPostprocessing = 0;
		};
/* End PBXFrameworksBuildPhase section */

/* Begin PBXGroup section */
		CEE850E12075C99700C7D8B6 = {
			isa = PBXGroup;
			children = (
				CEE850EC2075C99700C7D8B6 /* Magic 8 Ball */,
				CEE850EB2075C99700C7D8B6 /* Products */,
			);
			sourceTree = "<group>";
		};
		CEE850EB2075C99700C7D8B6 /* Products */ = {
			isa = PBXGroup;
			children = (
				CEE850EA2075C99700C7D8B6 /* Magic 8 Ball.app */,
			);
			name = Products;
			sourceTree = "<group>";
		};
		CEE850EC2075C99700C7D8B6 /* Magic 8 Ball */ = {
			isa = PBXGroup;
			children = (
				CEE850ED2075C99800C7D8B6 /* AppDelegate.swift */,
				CEE850EF2075C99800C7D8B6 /* ViewController.swift */,
				CEE850F12075C99800C7D8B6 /* Main.storyboard */,
				CEE850F42075C99900C7D8B6 /* Assets.xcassets */,
				CEE850F62075C99900C7D8B6 /* LaunchScreen.storyboard */,
				CEE850F92075C99900C7D8B6 /* Info.plist */,
			);
			path = "Magic 8 Ball";
			sourceTree = "<group>";
		};
/* End PBXGroup section */

/* Begin PBXNativeTarget section */
		CEE850E92075C99700C7D8B6 /* Magic 8 Ball */ = {
			isa = PBXNativeTarget;
			buildConfigurationList = CEE850FC2075C99900C7D8B6 /* Build configuration list for PBXNativeTarget "Magic 8 Ball" */;
			buildPhases = (
				CEE850E62075C99700C7D8B6 /* Sources */,
				CEE850E72075C99700C7D8B6 /* Frameworks */,
				CEE850E82075C99700C7D8B6 /* Resources */,
			);
			buildRules = (
			);
			dependencies = (
			);
			name = "Magic 8 Ball";
			productName = "Magic 8 Ball";
			productReference = CEE850EA2075C99700C7D8B6 /* Magic 8 Ball.app */;
			productType = "com.apple.product-type.application";
		};
/* End PBXNativeTarget section */

/* Begin PBXProject section */
		CEE850E22075C99700C7D8B6 /* Project object */ = {
			isa = PBXProject;
			attributes = {
				LastSwiftUpdateCheck = 0930;
				LastUpgradeCheck = 0930;
				ORGANIZATIONNAME = User;
				TargetAttributes = {
					CEE850E92075C99700C7D8B6 = {
						CreatedOnToolsVersion = 9.3;
					};
				};
			};
			buildConfigurationList = CEE850E52075C99700C7D8B6 /* Build configuration list for PBXProject "Magic 8 Ball" */;
			compatibilityVersion = "Xcode 9.3";
			developmentRegion = en;
			hasScannedForEncodings = 0;
			knownRegions = (
				en,
				Base,
			);
			mainGroup = CEE850E12075C99700C7D8B6;
			productRefGroup = CEE850EB2075C99700C7D8B6 /* Products */;
			projectDirPath = "";
			projectRoot = "";
			targets = (
				CEE850E92075C99700C7D8B6 /* Magic 8 Ball */,
			);
		};
/* End PBXProject section */

/* Begin PBXResourcesBuildPhase section */
		CEE850E82075C99700C7D8B6 /* Resources */ = {
			isa = PBXResourcesBuildPhase;
			buildActionMask = 2147483647;
			files = (
				CEE850F82075C99900C7D8B6 /* LaunchScreen.storyboard in Resources */,
				CEE850F52075C99900C7D8B6 /* Assets.xcassets in Resources */,
				CEE850F32075C99800C7D8B6 /* Main.storyboard in Resources */,
			);
			runOnlyForDeploymentPostprocessing = 0;
		};
/* End PBXResourcesBuildPhase section */

/* Begin PBXSourcesBuildPhase section */
		CEE850E62075C99700C7D8B6 /* Sources */ = {
			isa = PBXSourcesBuildPhase;
			buildActionMask = 2147483647;
			files = (
				CEE850F02075C99800C7D8B6 /* ViewController.swift in Sources */,
				CEE850EE2075C99800C7D8B6 /* AppDelegate.swift in Sources */,
			);
			runOnlyForDeploymentPostprocessing = 0;
		};
/* End PBXSourcesBuildPhase section */

/* Begin PBXVariantGroup section */
		CEE850F12075C99800C7D8B6 /* Main.storyboard */ = {
			isa = PBXVariantGroup;
			children = (
				CEE850F22075C99800C7D8B6 /* Base */,
			);
			name = Main.storyboard;
			sourceTree = "<group>";
		};
		CEE850F62075C99900C7D8B6 /* LaunchScreen.storyboard */ = {
			isa = PBXVariantGroup;
			children = (
				CEE850F72075C99900C7D8B6 /* Base */,
			);
			name = LaunchScreen.storyboard;
			sourceTree = "<group>";
		};
/* End PBXVariantGroup section */

/* Begin XCBuildConfiguration section */
		CEE850FA2075C99900C7D8B6 /* Debug */ = {
			isa = XCBuildConfiguration;
			buildSettings = {
				ALWAYS_SEARCH_USER_PATHS = NO;
				CLANG_ANALYZER_NONNULL = YES;
				CLANG_ANALYZER_NUMBER_OBJECT_CONVERSION = YES_AGGRESSIVE;
				CLANG_CXX_LANGUAGE_STANDARD = "gnu++14";
				CLANG_CXX_LIBRARY = "libc++";
				CLANG_ENABLE_MODULES = YES;
				CLANG_ENABLE_OBJC_ARC = YES;
				CLANG_ENABLE_OBJC_WEAK = YES;
				CLANG_WARN_BLOCK_CAPTURE_AUTORELEASING = YES;
				CLANG_WARN_BOOL_CONVERSION = YES;
				CLANG_WARN_COMMA = YES;
				CLANG_WARN_CONSTANT_CONVERSION = YES;
				CLANG_WARN_DEPRECATED_OBJC_IMPLEMENTATIONS = YES;
				CLANG_WARN_DIRECT_OBJC_ISA_USAGE = YES_ERROR;
				CLANG_WARN_DOCUMENTATION_COMMENTS = YES;
				CLANG_WARN_EMPTY_BODY = YES;
				CLANG_WARN_ENUM_CONVERSION = YES;
				CLANG_WARN_INFINITE_RECURSION = YES;
				CLANG_WARN_INT_CONVERSION = YES;
				CLANG_WARN_NON_LITERAL_NULL_CONVERSION = YES;
				CLANG_WARN_OBJC_IMPLICIT_RETAIN_SELF = YES;
				CLANG_WARN_OBJC_LITERAL_CONVERSION = YES;
				CLANG_WARN_OBJC_ROOT_CLASS = YES_ERROR;
				CLANG_WARN_RANGE_LOOP_ANALYSIS = YES;
				CLANG_WARN_STRICT_PROTOTYPES = YES;
				CLANG_WARN_SUSPICIOUS_MOVE = YES;
				CLANG_WARN_UNGUARDED_AVAILABILITY = YES_AGGRESSIVE;
				CLANG_WARN_UNREACHABLE_CODE = YES;
				CLANG_WARN__DUPLICATE_METHOD_MATCH = YES;
				CODE_SIGN_IDENTITY = "iPhone Developer";
				COPY_PHASE_STRIP = NO;
				DEBUG_INFORMATION_FORMAT = dwarf;
				ENABLE_STRICT_OBJC_MSGSEND = YES;
				ENABLE_TESTABILITY = YES;
				GCC_C_LANGUAGE_STANDARD = gnu11;
				GCC_DYNAMIC_NO_PIC = NO;
				GCC_NO_COMMON_BLOCKS = YES;
				GCC_OPTIMIZATION_LEVEL = 0;
				GCC_PREPROCESSOR_DEFINITIONS = (
					"DEBUG=1",
					"$(inherited)",
				);
				GCC_WARN_64_TO_32_BIT_CONVERSION = YES;
				GCC_WARN_ABOUT_RETURN_TYPE = YES_ERROR;
				GCC_WARN_UNDECLARED_SELECTOR = YES;
				GCC_WARN_UNINITIALIZED_AUTOS = YES_AGGRESSIVE;
				GCC_WARN_UNUSED_FUNCTION = YES;
				GCC_WARN_UNUSED_VARIABLE = YES;
				IPHONEOS_DEPLOYMENT_TARGET = 11.3;
				MTL_ENABLE_DEBUG_INFO = YES;
				ONLY_ACTIVE_ARCH = YES;
				SDKROOT = iphoneos;
				SWIFT_ACTIVE_COMPILATION_CONDITIONS = DEBUG;
				SWIFT_OPTIMIZATION_LEVEL = "-Onone";
			};
			name = Debug;
		};
		CEE850FB2075C99900C7D8B6 /* Release */ = {
			isa = XCBuildConfiguration;
			buildSettings = {
				ALWAYS_SEARCH_USER_PATHS = NO;
				CLANG_ANALYZER_NONNULL = YES;
				CLANG_ANALYZER_NUMBER_OBJECT_CONVERSION = YES_AGGRESSIVE;
				CLANG_CXX_LANGUAGE_STANDARD = "gnu++14";
				CLANG_CXX_LIBRARY = "libc++";
				CLANG_ENABLE_MODULES = YES;
				CLANG_ENABLE_OBJC_ARC = YES;
				CLANG_ENABLE_OBJC_WEAK = YES;
				CLANG_WARN_BLOCK_CAPTURE_AUTORELEASING = YES;
				CLANG_WARN_BOOL_CONVERSION = YES;
				CLANG_WARN_COMMA = YES;
				CLANG_WARN_CONSTANT_CONVERSION = YES;
				CLANG_WARN_DEPRECATED_OBJC_IMPLEMENTATIONS = YES;
				CLANG_WARN_DIRECT_OBJC_ISA_USAGE = YES_ERROR;
				CLANG_WARN_DOCUMENTATION_COMMENTS = YES;
				CLANG_WARN_EMPTY_BODY = YES;
				CLANG_WARN_ENUM_CONVERSION = YES;
				CLANG_WARN_INFINITE_RECURSION = YES;
				CLANG_WARN_INT_CONVERSION = YES;
				CLANG_WARN_NON_LITERAL_NULL_CONVERSION = YES;
				CLANG_WARN_OBJC_IMPLICIT_RETAIN_SELF = YES;
				CLANG_WARN_OBJC_LITERAL_CONVERSION = YES;
				CLANG_WARN_OBJC_ROOT_CLASS = YES_ERROR;
				CLANG_WARN_RANGE_LOOP_ANALYSIS = YES;
				CLANG_WARN_STRICT_PROTOTYPES = YES;
				CLANG_WARN_SUSPICIOUS_MOVE = YES;
				CLANG_WARN_UNGUARDED_AVAILABILITY = YES_AGGRESSIVE;
				CLANG_WARN_UNREACHABLE_CODE = YES;
				CLANG_WARN__DUPLICATE_METHOD_MATCH = YES;
				CODE_SIGN_IDENTITY = "iPhone Developer";
				COPY_PHASE_STRIP = NO;
				DEBUG_INFORMATION_FORMAT = "dwarf-with-dsym";
				ENABLE_NS_ASSERTIONS = NO;
				ENABLE_STRICT_OBJC_MSGSEND = YES;
				GCC_C_LANGUAGE_STANDARD = gnu11;
				GCC_NO_COMMON_BLOCKS = YES;
				GCC_WARN_64_TO_32_BIT_CONVERSION = YES;
				GCC_WARN_ABOUT_RETURN_TYPE = YES_ERROR;
				GCC_WARN_UNDECLARED_SELECTOR = YES;
				GCC_WARN_UNINITIALIZED_AUTOS = YES_AGGRESSIVE;
				GCC_WARN_UNUSED_FUNCTION = YES;
				GCC_WARN_UNUSED_VARIABLE = YES;
				IPHONEOS_DEPLOYMENT_TARGET = 11.3;
				MTL_ENABLE_DEBUG_INFO = NO;
				SDKROOT = iphoneos;
				SWIFT_COMPILATION_MODE = wholemodule;
				SWIFT_OPTIMIZATION_LEVEL = "-O";
				VALIDATE_PRODUCT = YES;
			};
			name = Release;
		};
		CEE850FD2075C99900C7D8B6 /* Debug */ = {
			isa = XCBuildConfiguration;
			buildSettings = {
				ASSETCATALOG_COMPILER_APPICON_NAME = AppIcon;
				CODE_SIGN_STYLE = Automatic;
				INFOPLIST_FILE = "Magic 8 Ball/Info.plist";
				LD_RUNPATH_SEARCH_PATHS = (
					"$(inherited)",
					"@executable_path/Frameworks",
				);
				PRODUCT_BUNDLE_IDENTIFIER = "Tuban-Dev.Magic-8-Ball";
				PRODUCT_NAME = "$(TARGET_NAME)";
				SWIFT_VERSION = 4.0;
				TARGETED_DEVICE_FAMILY = "1,2";
			};
			name = Debug;
		};
		CEE850FE2075C99900C7D8B6 /* Release */ = {
			isa = XCBuildConfiguration;
			buildSettings = {
				ASSETCATALOG_COMPILER_APPICON_NAME = AppIcon;
				CODE_SIGN_STYLE = Automatic;
				INFOPLIST_FILE = "Magic 8 Ball/Info.plist";
				LD_RUNPATH_SEARCH_PATHS = (
					"$(inherited)",
					"@executable_path/Frameworks",
				);
				PRODUCT_BUNDLE_IDENTIFIER = "Tuban-Dev.Magic-8-Ball";
				PRODUCT_NAME = "$(TARGET_NAME)";
				SWIFT_VERSION = 4.0;
				TARGETED_DEVICE_FAMILY = "1,2";
			};
			name = Release;
		};
/* End XCBuildConfiguration section */

/* Begin XCConfigurationList section */
		CEE850E52075C99700C7D8B6 /* Build configuration list for PBXProject "Magic 8 Ball" */ = {
			isa = XCConfigurationList;
			buildConfigurations = (
				CEE850FA2075C99900C7D8B6 /* Debug */,
				CEE850FB2075C99900C7D8B6 /* Release */,
			);
			defaultConfigurationIsVisible = 0;
			defaultConfigurationName = Release;
		};
		CEE850FC2075C99900C7D8B6 /* Build configuration list for PBXNativeTarget "Magic 8 Ball" */ = {
			isa = XCConfigurationList;
			buildConfigurations = (
				CEE850FD2075C99900C7D8B6 /* Debug */,
				CEE850FE2075C99900C7D8B6 /* Release */,
			);
			defaultConfigurationIsVisible = 0;
			defaultConfigurationName = Release;
		};
/* End XCConfigurationList section */
	};
	rootObject = CEE850E22075C99700C7D8B6 /* Project object */;
}
